
Microsoft Visual Studio Solution File, Format Version 12.00
# Visual Studio 15
VisualStudioVersion = 15.0.27130.2026
MinimumVisualStudioVersion = 10.0.40219.1
Project("{FAE04EC0-301F-11D3-BF4B-00C04F79EFBC}") = "epicture", "epicture\epicture.csproj", "{DA70EF1D-E256-457A-8CE4-63855DC06FF6}"
EndProject
Project("{FAE04EC0-301F-11D3-BF4B-00C04F79EFBC}") = "epictureLibrary", "epictureLibrary\epictureLibrary.csproj", "{A002E9CD-61B4-4148-831D-C56DC766E717}"
EndProject
Project("{FAE04EC0-301F-11D3-BF4B-00C04F79EFBC}") = "epictureTest", "epictureTest\epictureTest.csproj", "{06872EEF-3292-4D49-9CEB-971E36346973}"
EndProject
Global
	GlobalSection(SolutionConfigurationPlatforms) = preSolution
		Debug|Any CPU = Debug|Any CPU
		Debug|ARM = Debug|ARM
		Debug|x64 = Debug|x64
		Debug|x86 = Debug|x86
		Release|Any CPU = Release|Any CPU
		Release|ARM = Release|ARM
		Release|x64 = Release|x64
		Release|x86 = Release|x86
	EndGlobalSection
	GlobalSection(ProjectConfigurationPlatforms) = postSolution
		{DA70EF1D-E256-457A-8CE4-63855DC06FF6}.Debug|Any CPU.ActiveCfg = Debug|x86
		{DA70EF1D-E256-457A-8CE4-63855DC06FF6}.Debug|ARM.ActiveCfg = Debug|ARM
		{DA70EF1D-E256-457A-8CE4-63855DC06FF6}.Debug|ARM.Build.0 = Debug|ARM
		{DA70EF1D-E256-457A-8CE4-63855DC06FF6}.Debug|ARM.Deploy.0 = Debug|ARM
		{DA70EF1D-E256-457A-8CE4-63855DC06FF6}.Debug|x64.ActiveCfg = Debug|x64
		{DA70EF1D-E256-457A-8CE4-63855DC06FF6}.Debug|x64.Build.0 = Debug|x64
		{DA70EF1D-E256-457A-8CE4-63855DC06FF6}.Debug|x64.Deploy.0 = Debug|x64
		{DA70EF1D-E256-457A-8CE4-63855DC06FF6}.Debug|x86.ActiveCfg = Debug|x86
		{DA70EF1D-E256-457A-8CE4-63855DC06FF6}.Debug|x86.Build.0 = Debug|x86
		{DA70EF1D-E256-457A-8CE4-63855DC06FF6}.Debug|x86.Deploy.0 = Debug|x86
		{DA70EF1D-E256-457A-8CE4-63855DC06FF6}.Release|Any CPU.ActiveCfg = Release|x86
		{DA70EF1D-E256-457A-8CE4-63855DC06FF6}.Release|ARM.ActiveCfg = Release|ARM
		{DA70EF1D-E256-457A-8CE4-63855DC06FF6}.Release|ARM.Build.0 = Release|ARM
		{DA70EF1D-E256-457A-8CE4-63855DC06FF6}.Release|ARM.Deploy.0 = Release|ARM
		{DA70EF1D-E256-457A-8CE4-63855DC06FF6}.Release|x64.ActiveCfg = Release|x64
		{DA70EF1D-E256-457A-8CE4-63855DC06FF6}.Release|x64.Build.0 = Release|x64
		{DA70EF1D-E256-457A-8CE4-63855DC06FF6}.Release|x64.Deploy.0 = Release|x64
		{DA70EF1D-E256-457A-8CE4-63855DC06FF6}.Release|x86.ActiveCfg = Release|x86
		{DA70EF1D-E256-457A-8CE4-63855DC06FF6}.Release|x86.Build.0 = Release|x86
		{DA70EF1D-E256-457A-8CE4-63855DC06FF6}.Release|x86.Deploy.0 = Release|x86
		{A002E9CD-61B4-4148-831D-C56DC766E717}.Debug|Any CPU.ActiveCfg = Debug|Any CPU
		{A002E9CD-61B4-4148-831D-C56DC766E717}.Debug|Any CPU.Build.0 = Debug|Any CPU
		{A002E9CD-61B4-4148-831D-C56DC766E717}.Debug|ARM.ActiveCfg = Debug|ARM
		{A002E9CD-61B4-4148-831D-C56DC766E717}.Debug|ARM.Build.0 = Debug|ARM
		{A002E9CD-61B4-4148-831D-C56DC766E717}.Debug|x64.ActiveCfg = Debug|x64
		{A002E9CD-61B4-4148-831D-C56DC766E717}.Debug|x64.Build.0 = Debug|x64
		{A002E9CD-61B4-4148-831D-C56DC766E717}.Debug|x86.ActiveCfg = Debug|x86
		{A002E9CD-61B4-4148-831D-C56DC766E717}.Debug|x86.Build.0 = Debug|x86
		{A002E9CD-61B4-4148-831D-C56DC766E717}.Release|Any CPU.ActiveCfg = Release|Any CPU
		{A002E9CD-61B4-4148-831D-C56DC766E717}.Release|Any CPU.Build.0 = Release|Any CPU
		{A002E9CD-61B4-4148-831D-C56DC766E717}.Release|ARM.ActiveCfg = Release|ARM
		{A002E9CD-61B4-4148-831D-C56DC766E717}.Release|ARM.Build.0 = Release|ARM
		{A002E9CD-61B4-4148-831D-C56DC766E717}.Release|x64.ActiveCfg = Release|x64
		{A002E9CD-61B4-4148-831D-C56DC766E717}.Release|x64.Build.0 = Release|x64
		{A002E9CD-61B4-4148-831D-C56DC766E717}.Release|x86.ActiveCfg = Release|x86
		{A002E9CD-61B4-4148-831D-C56DC766E717}.Release|x86.Build.0 = Release|x86
		{06872EEF-3292-4D49-9CEB-971E36346973}.Debug|Any CPU.ActiveCfg = Debug|x86
		{06872EEF-3292-4D49-9CEB-971E36346973}.Debug|ARM.ActiveCfg = Debug|ARM
		{06872EEF-3292-4D49-9CEB-971E36346973}.Debug|ARM.Build.0 = Debug|ARM
		{06872EEF-3292-4D49-9CEB-971E36346973}.Debug|ARM.Deploy.0 = Debug|ARM
		{06872EEF-3292-4D49-9CEB-971E36346973}.Debug|x64.ActiveCfg = Debug|x64
		{06872EEF-3292-4D49-9CEB-971E36346973}.Debug|x64.Build.0 = Debug|x64
		{06872EEF-3292-4D49-9CEB-971E36346973}.Debug|x64.Deploy.0 = Debug|x64
		{06872EEF-3292-4D49-9CEB-971E36346973}.Debug|x86.ActiveCfg = Debug|x86
		{06872EEF-3292-4D49-9CEB-971E36346973}.Debug|x86.Build.0 = Debug|x86
		{06872EEF-3292-4D49-9CEB-971E36346973}.Debug|x86.Deploy.0 = Debug|x86
		{06872EEF-3292-4D49-9CEB-971E36346973}.Release|Any CPU.ActiveCfg = Release|x86
		{06872EEF-3292-4D49-9CEB-971E36346973}.Release|ARM.ActiveCfg = Release|ARM
		{06872EEF-3292-4D49-9CEB-971E36346973}.Release|ARM.Build.0 = Release|ARM
		{06872EEF-3292-4D49-9CEB-971E36346973}.Release|ARM.Deploy.0 = Release|ARM
		{06872EEF-3292-4D49-9CEB-971E36346973}.Release|x64.ActiveCfg = Release|x64
		{06872EEF-3292-4D49-9CEB-971E36346973}.Release|x64.Build.0 = Release|x64
		{06872EEF-3292-4D49-9CEB-971E36346973}.Release|x64.Deploy.0 = Release|x64
		{06872EEF-3292-4D49-9CEB-971E36346973}.Release|x86.ActiveCfg = Release|x86
		{06872EEF-3292-4D49-9CEB-971E36346973}.Release|x86.Build.0 = Release|x86
		{06872EEF-3292-4D49-9CEB-971E36346973}.Release|x86.Deploy.0 = Release|x86
	EndGlobalSection
	GlobalSection(SolutionProperties) = preSolution
		HideSolutionNode = FALSE
	EndGlobalSection
	GlobalSection(ExtensibilityGlobals) = postSolution
		SolutionGuid = {71FA68D0-39EF-4F8B-8914-C0645A3DEB21}
	EndGlobalSection
EndGlobal
